
Microsoft Visual Studio Solution File, Format Version 12.00
# Visual Studio Version 16
VisualStudioVersion = 16.0.30413.136
MinimumVisualStudioVersion = 10.0.40219.1
Project("{FAE04EC0-301F-11D3-BF4B-00C04F79EFBC}") = "HolaMundo", "HolaMundo\HolaMundo.csproj", "{D11D48B8-7DC3-48BD-9C04-81DD16F9A9AE}"
EndProject
Global
	GlobalSection(SolutionConfigurationPlatforms) = preSolution
		Debug|Any CPU = Debug|Any CPU
		Release|Any CPU = Release|Any CPU
	EndGlobalSection
	GlobalSection(ProjectConfigurationPlatforms) = postSolution
		{D11D48B8-7DC3-48BD-9C04-81DD16F9A9AE}.Debug|Any CPU.ActiveCfg = Debug|Any CPU
		{D11D48B8-7DC3-48BD-9C04-81DD16F9A9AE}.Debug|Any CPU.Build.0 = Debug|Any CPU
		{D11D48B8-7DC3-48BD-9C04-81DD16F9A9AE}.Release|Any CPU.ActiveCfg = Release|Any CPU
		{D11D48B8-7DC3-48BD-9C04-81DD16F9A9AE}.Release|Any CPU.Build.0 = Release|Any CPU
	EndGlobalSection
	GlobalSection(SolutionProperties) = preSolution
		HideSolutionNode = FALSE
	EndGlobalSection
	GlobalSection(ExtensibilityGlobals) = postSolution
		SolutionGuid = {F87B1D51-712E-418F-8096-59EC31B46622}
	EndGlobalSection
EndGlobal
