
Microsoft Visual Studio Solution File, Format Version 12.00
# Visual Studio Version 16
VisualStudioVersion = 16.0.30413.136
MinimumVisualStudioVersion = 10.0.40219.1
Project("{FAE04EC0-301F-11D3-BF4B-00C04F79EFBC}") = "04-IteradoresBucles", "04-IteradoresBucles\04-IteradoresBucles.csproj", "{B89B9FF9-EF5F-470C-9BD7-6947B2D19DA9}"
EndProject
Global
	GlobalSection(SolutionConfigurationPlatforms) = preSolution
		Debug|Any CPU = Debug|Any CPU
		Release|Any CPU = Release|Any CPU
	EndGlobalSection
	GlobalSection(ProjectConfigurationPlatforms) = postSolution
		{B89B9FF9-EF5F-470C-9BD7-6947B2D19DA9}.Debug|Any CPU.ActiveCfg = Debug|Any CPU
		{B89B9FF9-EF5F-470C-9BD7-6947B2D19DA9}.Debug|Any CPU.Build.0 = Debug|Any CPU
		{B89B9FF9-EF5F-470C-9BD7-6947B2D19DA9}.Release|Any CPU.ActiveCfg = Release|Any CPU
		{B89B9FF9-EF5F-470C-9BD7-6947B2D19DA9}.Release|Any CPU.Build.0 = Release|Any CPU
	EndGlobalSection
	GlobalSection(SolutionProperties) = preSolution
		HideSolutionNode = FALSE
	EndGlobalSection
	GlobalSection(ExtensibilityGlobals) = postSolution
		SolutionGuid = {2F1A7F7A-5CBA-4CCE-A10B-9EAB36124B52}
	EndGlobalSection
EndGlobal
