
Microsoft Visual Studio Solution File, Format Version 12.00
# Visual Studio Version 16
VisualStudioVersion = 16.0.30413.136
MinimumVisualStudioVersion = 10.0.40219.1
Project("{FAE04EC0-301F-11D3-BF4B-00C04F79EFBC}") = "13-herencia", "13-herencia\13-herencia.csproj", "{51B89E5B-B06A-44A1-BCCC-3A97C38B9B87}"
EndProject
Global
	GlobalSection(SolutionConfigurationPlatforms) = preSolution
		Debug|Any CPU = Debug|Any CPU
		Release|Any CPU = Release|Any CPU
	EndGlobalSection
	GlobalSection(ProjectConfigurationPlatforms) = postSolution
		{51B89E5B-B06A-44A1-BCCC-3A97C38B9B87}.Debug|Any CPU.ActiveCfg = Debug|Any CPU
		{51B89E5B-B06A-44A1-BCCC-3A97C38B9B87}.Debug|Any CPU.Build.0 = Debug|Any CPU
		{51B89E5B-B06A-44A1-BCCC-3A97C38B9B87}.Release|Any CPU.ActiveCfg = Release|Any CPU
		{51B89E5B-B06A-44A1-BCCC-3A97C38B9B87}.Release|Any CPU.Build.0 = Release|Any CPU
	EndGlobalSection
	GlobalSection(SolutionProperties) = preSolution
		HideSolutionNode = FALSE
	EndGlobalSection
	GlobalSection(ExtensibilityGlobals) = postSolution
		SolutionGuid = {92DF9FEA-3C51-4615-BC2D-546151DC7528}
	EndGlobalSection
EndGlobal
