
Microsoft Visual Studio Solution File, Format Version 12.00
# Visual Studio Version 16
VisualStudioVersion = 16.0.30413.136
MinimumVisualStudioVersion = 10.0.40219.1
Project("{FAE04EC0-301F-11D3-BF4B-00C04F79EFBC}") = "15-polimorfismo", "15-polimorfismo\15-polimorfismo.csproj", "{EDC29A08-64D7-48CC-9420-91C5609E442A}"
EndProject
Global
	GlobalSection(SolutionConfigurationPlatforms) = preSolution
		Debug|Any CPU = Debug|Any CPU
		Release|Any CPU = Release|Any CPU
	EndGlobalSection
	GlobalSection(ProjectConfigurationPlatforms) = postSolution
		{EDC29A08-64D7-48CC-9420-91C5609E442A}.Debug|Any CPU.ActiveCfg = Debug|Any CPU
		{EDC29A08-64D7-48CC-9420-91C5609E442A}.Debug|Any CPU.Build.0 = Debug|Any CPU
		{EDC29A08-64D7-48CC-9420-91C5609E442A}.Release|Any CPU.ActiveCfg = Release|Any CPU
		{EDC29A08-64D7-48CC-9420-91C5609E442A}.Release|Any CPU.Build.0 = Release|Any CPU
	EndGlobalSection
	GlobalSection(SolutionProperties) = preSolution
		HideSolutionNode = FALSE
	EndGlobalSection
	GlobalSection(ExtensibilityGlobals) = postSolution
		SolutionGuid = {A4948187-2E45-4960-AE83-1B947399CBD9}
	EndGlobalSection
EndGlobal
