
Microsoft Visual Studio Solution File, Format Version 12.00
# Visual Studio Version 16
VisualStudioVersion = 16.0.30413.136
MinimumVisualStudioVersion = 10.0.40219.1
Project("{FAE04EC0-301F-11D3-BF4B-00C04F79EFBC}") = "16-abstract", "16-abstract\16-abstract.csproj", "{FCCE3E2C-238E-46C2-9379-89D0741F9181}"
EndProject
Global
	GlobalSection(SolutionConfigurationPlatforms) = preSolution
		Debug|Any CPU = Debug|Any CPU
		Release|Any CPU = Release|Any CPU
	EndGlobalSection
	GlobalSection(ProjectConfigurationPlatforms) = postSolution
		{FCCE3E2C-238E-46C2-9379-89D0741F9181}.Debug|Any CPU.ActiveCfg = Debug|Any CPU
		{FCCE3E2C-238E-46C2-9379-89D0741F9181}.Debug|Any CPU.Build.0 = Debug|Any CPU
		{FCCE3E2C-238E-46C2-9379-89D0741F9181}.Release|Any CPU.ActiveCfg = Release|Any CPU
		{FCCE3E2C-238E-46C2-9379-89D0741F9181}.Release|Any CPU.Build.0 = Release|Any CPU
	EndGlobalSection
	GlobalSection(SolutionProperties) = preSolution
		HideSolutionNode = FALSE
	EndGlobalSection
	GlobalSection(ExtensibilityGlobals) = postSolution
		SolutionGuid = {5E116199-C0DA-44D3-A4C2-930D866D91D5}
	EndGlobalSection
EndGlobal
