
Microsoft Visual Studio Solution File, Format Version 12.00
# Visual Studio Version 16
VisualStudioVersion = 16.0.30413.136
MinimumVisualStudioVersion = 10.0.40219.1
Project("{FAE04EC0-301F-11D3-BF4B-00C04F79EFBC}") = "11-Encapsulacion", "11-Encapsulacion\11-Encapsulacion.csproj", "{45AABE15-1B53-4D2E-87D8-35923F179383}"
EndProject
Global
	GlobalSection(SolutionConfigurationPlatforms) = preSolution
		Debug|Any CPU = Debug|Any CPU
		Release|Any CPU = Release|Any CPU
	EndGlobalSection
	GlobalSection(ProjectConfigurationPlatforms) = postSolution
		{45AABE15-1B53-4D2E-87D8-35923F179383}.Debug|Any CPU.ActiveCfg = Debug|Any CPU
		{45AABE15-1B53-4D2E-87D8-35923F179383}.Debug|Any CPU.Build.0 = Debug|Any CPU
		{45AABE15-1B53-4D2E-87D8-35923F179383}.Release|Any CPU.ActiveCfg = Release|Any CPU
		{45AABE15-1B53-4D2E-87D8-35923F179383}.Release|Any CPU.Build.0 = Release|Any CPU
	EndGlobalSection
	GlobalSection(SolutionProperties) = preSolution
		HideSolutionNode = FALSE
	EndGlobalSection
	GlobalSection(ExtensibilityGlobals) = postSolution
		SolutionGuid = {040C14D1-3828-4282-B73B-50FD50902F25}
	EndGlobalSection
EndGlobal
